
Microsoft Visual Studio Solution File, Format Version 12.00
# Visual Studio Version 17
VisualStudioVersion = 17.11.35327.3
MinimumVisualStudioVersion = 10.0.40219.1
Project("{FAE04EC0-301F-11D3-BF4B-00C04F79EFBC}") = "OSProject1", "OSProject1\OSProject1.csproj", "{AB339264-DE55-4F8E-B5C5-4CECAFEAB714}"
EndProject
Global
	GlobalSection(SolutionConfigurationPlatforms) = preSolution
		Debug|Any CPU = Debug|Any CPU
		Release|Any CPU = Release|Any CPU
	EndGlobalSection
	GlobalSection(ProjectConfigurationPlatforms) = postSolution
		{AB339264-DE55-4F8E-B5C5-4CECAFEAB714}.Debug|Any CPU.ActiveCfg = Debug|Any CPU
		{AB339264-DE55-4F8E-B5C5-4CECAFEAB714}.Debug|Any CPU.Build.0 = Debug|Any CPU
		{AB339264-DE55-4F8E-B5C5-4CECAFEAB714}.Release|Any CPU.ActiveCfg = Release|Any CPU
		{AB339264-DE55-4F8E-B5C5-4CECAFEAB714}.Release|Any CPU.Build.0 = Release|Any CPU
	EndGlobalSection
	GlobalSection(SolutionProperties) = preSolution
		HideSolutionNode = FALSE
	EndGlobalSection
	GlobalSection(ExtensibilityGlobals) = postSolution
		SolutionGuid = {5B759C8A-EDD6-4200-92FF-82935194E1FB}
	EndGlobalSection
EndGlobal
